
Microsoft Visual Studio Solution File, Format Version 12.00
# Visual Studio Version 17
VisualStudioVersion = 17.4.33205.214
MinimumVisualStudioVersion = 10.0.40219.1
Project("{FAE04EC0-301F-11D3-BF4B-00C04F79EFBC}") = "Project26", "Project26\Project26.csproj", "{30CE0D39-2B0F-4728-8726-F21A391ABF87}"
EndProject
Global
	GlobalSection(SolutionConfigurationPlatforms) = preSolution
		Debug|Any CPU = Debug|Any CPU
		Release|Any CPU = Release|Any CPU
	EndGlobalSection
	GlobalSection(ProjectConfigurationPlatforms) = postSolution
		{30CE0D39-2B0F-4728-8726-F21A391ABF87}.Debug|Any CPU.ActiveCfg = Debug|Any CPU
		{30CE0D39-2B0F-4728-8726-F21A391ABF87}.Debug|Any CPU.Build.0 = Debug|Any CPU
		{30CE0D39-2B0F-4728-8726-F21A391ABF87}.Release|Any CPU.ActiveCfg = Release|Any CPU
		{30CE0D39-2B0F-4728-8726-F21A391ABF87}.Release|Any CPU.Build.0 = Release|Any CPU
	EndGlobalSection
	GlobalSection(SolutionProperties) = preSolution
		HideSolutionNode = FALSE
	EndGlobalSection
	GlobalSection(ExtensibilityGlobals) = postSolution
		SolutionGuid = {4B1DBA82-B1FC-4AF9-8903-9F85A807ADF1}
	EndGlobalSection
EndGlobal
